
Microsoft Visual Studio Solution File, Format Version 12.00
# Visual Studio Version 17
VisualStudioVersion = 17.3.32901.215
MinimumVisualStudioVersion = 10.0.40219.1
Project("{FAE04EC0-301F-11D3-BF4B-00C04F79EFBC}") = "CI Project", "CI Project\CI Project.csproj", "{B5766E01-A559-48B6-A79A-D586EEC40559}"
EndProject
Global
	GlobalSection(SolutionConfigurationPlatforms) = preSolution
		Debug|Any CPU = Debug|Any CPU
		Release|Any CPU = Release|Any CPU
	EndGlobalSection
	GlobalSection(ProjectConfigurationPlatforms) = postSolution
		{B5766E01-A559-48B6-A79A-D586EEC40559}.Debug|Any CPU.ActiveCfg = Debug|Any CPU
		{B5766E01-A559-48B6-A79A-D586EEC40559}.Debug|Any CPU.Build.0 = Debug|Any CPU
		{B5766E01-A559-48B6-A79A-D586EEC40559}.Release|Any CPU.ActiveCfg = Release|Any CPU
		{B5766E01-A559-48B6-A79A-D586EEC40559}.Release|Any CPU.Build.0 = Release|Any CPU
	EndGlobalSection
	GlobalSection(SolutionProperties) = preSolution
		HideSolutionNode = FALSE
	EndGlobalSection
	GlobalSection(ExtensibilityGlobals) = postSolution
		SolutionGuid = {9E68D0F2-4FF8-47CE-B044-3D466D6BF588}
	EndGlobalSection
EndGlobal
